
Microsoft Visual Studio Solution File, Format Version 12.00
Project("{FAE04EC0-301F-11D3-BF4B-00C04F79EFBC}") = "TomLonghurst.ApplicationInsights.TelemetryLogger", "TomLonghurst.ApplicationInsights.TelemetryLogger\TomLonghurst.ApplicationInsights.TelemetryLogger.csproj", "{FBE514DA-D471-4FF2-A627-99605A26D086}"
EndProject
Project("{FAE04EC0-301F-11D3-BF4B-00C04F79EFBC}") = "TomLonghurst.ApplicationInsights.TelemetryLogger.UnitTests", "TomLonghurst.ApplicationInsights.TelemetryLogger.UnitTests\TomLonghurst.ApplicationInsights.TelemetryLogger.UnitTests.csproj", "{CE5DC681-CA15-4E7B-9F10-9AF93DFBFAAF}"
EndProject
Global
	GlobalSection(SolutionConfigurationPlatforms) = preSolution
		Debug|Any CPU = Debug|Any CPU
		Release|Any CPU = Release|Any CPU
	EndGlobalSection
	GlobalSection(ProjectConfigurationPlatforms) = postSolution
		{FBE514DA-D471-4FF2-A627-99605A26D086}.Debug|Any CPU.ActiveCfg = Debug|Any CPU
		{FBE514DA-D471-4FF2-A627-99605A26D086}.Debug|Any CPU.Build.0 = Debug|Any CPU
		{FBE514DA-D471-4FF2-A627-99605A26D086}.Release|Any CPU.ActiveCfg = Release|Any CPU
		{FBE514DA-D471-4FF2-A627-99605A26D086}.Release|Any CPU.Build.0 = Release|Any CPU
		{CE5DC681-CA15-4E7B-9F10-9AF93DFBFAAF}.Debug|Any CPU.ActiveCfg = Debug|Any CPU
		{CE5DC681-CA15-4E7B-9F10-9AF93DFBFAAF}.Debug|Any CPU.Build.0 = Debug|Any CPU
		{CE5DC681-CA15-4E7B-9F10-9AF93DFBFAAF}.Release|Any CPU.ActiveCfg = Release|Any CPU
		{CE5DC681-CA15-4E7B-9F10-9AF93DFBFAAF}.Release|Any CPU.Build.0 = Release|Any CPU
	EndGlobalSection
EndGlobal
